
Microsoft Visual Studio Solution File, Format Version 12.00
# Visual Studio Version 16
VisualStudioVersion = 16.0.29102.190
MinimumVisualStudioVersion = 10.0.40219.1
Project("{9A19103F-16F7-4668-BE54-9A1E7A4F7556}") = "S01-MultiEnviromentConfig2.2", "S01-MultiEnviromentConfig\S01-MultiEnviromentConfig2.2.csproj", "{052F4CE5-4C9B-4717-99C4-993632499704}"
EndProject
Project("{9A19103F-16F7-4668-BE54-9A1E7A4F7556}") = "S02-ReadAppsettingConfig", "S02-ReadAppsettingConfig\S02-ReadAppsettingConfig.csproj", "{11357B6E-6709-4232-8B26-48EBE805D628}"
EndProject
Project("{9A19103F-16F7-4668-BE54-9A1E7A4F7556}") = "S00-Common", "S00-Common\S00-Common.csproj", "{F630C261-9872-44C0-BE5F-F08065738746}"
EndProject
Project("{9A19103F-16F7-4668-BE54-9A1E7A4F7556}") = "S01.MultiEnviromentConfigWithWebApi", "S01.MultiEnviromentConfigWithWebApi\S01.MultiEnviromentConfigWithWebApi.csproj", "{1420F100-43AC-4824-B938-0E54419A6224}"
EndProject
Project("{9A19103F-16F7-4668-BE54-9A1E7A4F7556}") = "S01.MultiEnvNetCore3.0", "S01.MultiEnvNetCore3.0\S01.MultiEnvNetCore3.0.csproj", "{F6996C08-A3FC-4720-A7DE-594821E01BB4}"
EndProject
Project("{2150E333-8FDC-42A3-9474-1A3956D46DE8}") = "S01.MultiEnviroment", "S01.MultiEnviroment", "{3ED1DD78-C5C2-4652-883D-2D8B741ABB29}"
EndProject
Project("{2150E333-8FDC-42A3-9474-1A3956D46DE8}") = "S02.AppSetting", "S02.AppSetting", "{8169473E-5969-4928-9DF7-2152940EB44F}"
EndProject
Project("{2150E333-8FDC-42A3-9474-1A3956D46DE8}") = "S00.Common", "S00.Common", "{FB08484E-9427-4E3E-8005-51FBB4DA99B7}"
EndProject
Project("{2150E333-8FDC-42A3-9474-1A3956D46DE8}") = "S03.UserSecrets", "S03.UserSecrets", "{3E0E49D6-F7D1-4CAC-9364-C7D3666C7F4E}"
EndProject
Project("{9A19103F-16F7-4668-BE54-9A1E7A4F7556}") = "S03.UserSecrets.V2_2", "S03.UserSecrets.V2_2\S03.UserSecrets.V2_2.csproj", "{DAE953E3-20BA-4626-ADCA-53B6ED93D730}"
EndProject
Project("{9A19103F-16F7-4668-BE54-9A1E7A4F7556}") = "S03.UserSecrets.ApiV2_2", "S03.UserSecrets.ApiV2_2\S03.UserSecrets.ApiV2_2.csproj", "{31AD85CE-5F39-4EEB-9E45-4DD7DAE6CCE8}"
EndProject
Project("{2150E333-8FDC-42A3-9474-1A3956D46DE8}") = "S04-Swagger", "S04-Swagger", "{C940091B-6273-46F2-A19A-EEC5675E2E5C}"
EndProject
Project("{9A19103F-16F7-4668-BE54-9A1E7A4F7556}") = "S00.Models", "S00.Models\S00.Models.csproj", "{946D6736-42B7-4FDB-8B63-AB06AE743CB4}"
EndProject
Project("{9A19103F-16F7-4668-BE54-9A1E7A4F7556}") = "S04.SwaggerSample.ApiV2_2", "S04.SwaggerSample.ApiV2_2\S04.SwaggerSample.ApiV2_2.csproj", "{B1B03374-7C08-43A2-B03A-08EE552838E5}"
EndProject
Project("{2150E333-8FDC-42A3-9474-1A3956D46DE8}") = "S05-WebApiVersion", "S05-WebApiVersion", "{33FFCECF-229F-4125-BAAA-19603DE3E9D0}"
EndProject
Project("{9A19103F-16F7-4668-BE54-9A1E7A4F7556}") = "S05.ApVersion.V2_2", "S05.ByQueryString.V2_2\S05.ApVersion.V2_2.csproj", "{87C05BA3-AEB3-4A7C-8BE7-E159EB59D665}"
EndProject
Project("{2150E333-8FDC-42A3-9474-1A3956D46DE8}") = "S06.AutoMappers.V2_2", "S06.AutoMappers.V2_2", "{9E0B9ECA-0AC0-4EE9-B63B-85587AAD853C}"
EndProject
Project("{9A19103F-16F7-4668-BE54-9A1E7A4F7556}") = "S06.AutoMapperV9.V2_2", "S06.AutoMapperV9.V2_2\S06.AutoMapperV9.V2_2.csproj", "{A4A71DFA-4899-4736-8743-138D0690B5CE}"
EndProject
Project("{2150E333-8FDC-42A3-9474-1A3956D46DE8}") = "S07.AspnetIdentity", "S07.AspnetIdentity", "{1D6BA292-019D-42F9-A729-47871FDAAB04}"
EndProject
Project("{9A19103F-16F7-4668-BE54-9A1E7A4F7556}") = "S07.AspNetIdentityTest", "S07.AspNetIdentityTest\S07.AspNetIdentityTest.csproj", "{F8C47844-A08F-492E-8356-9A1D30DA0F65}"
EndProject
Project("{2150E333-8FDC-42A3-9474-1A3956D46DE8}") = "S08.Email", "S08.Email", "{EBEE4CEB-5A66-4A48-AD2F-847601577F78}"
EndProject
Project("{9A19103F-16F7-4668-BE54-9A1E7A4F7556}") = "S08.NetEmailStandard", "S08.NetEmailStandard\S08.NetEmailStandard.csproj", "{2949939E-8940-46F7-8CC5-9664171CD731}"
EndProject
Project("{9A19103F-16F7-4668-BE54-9A1E7A4F7556}") = "S08.NetEmailConsole", "S08.NetEmailConsole\S08.NetEmailConsole.csproj", "{AA94C95F-C79C-4890-A1B3-ECBAF7189A65}"
EndProject
Project("{2150E333-8FDC-42A3-9474-1A3956D46DE8}") = "S09.DiagnosticsLog", "S09.DiagnosticsLog", "{4D2008E9-CD36-4190-A904-9F47150946F9}"
EndProject
Project("{FAE04EC0-301F-11D3-BF4B-00C04F79EFBC}") = "S09.DiagnosticsLogConsole", "S09.DiagnosticsLogConsole\S09.DiagnosticsLogConsole.csproj", "{E633AE1E-23B7-4950-92AF-3027A1CD6F13}"
EndProject
Global
	GlobalSection(SolutionConfigurationPlatforms) = preSolution
		Debug|Any CPU = Debug|Any CPU
		Release|Any CPU = Release|Any CPU
	EndGlobalSection
	GlobalSection(ProjectConfigurationPlatforms) = postSolution
		{052F4CE5-4C9B-4717-99C4-993632499704}.Debug|Any CPU.ActiveCfg = Debug|Any CPU
		{052F4CE5-4C9B-4717-99C4-993632499704}.Debug|Any CPU.Build.0 = Debug|Any CPU
		{052F4CE5-4C9B-4717-99C4-993632499704}.Release|Any CPU.ActiveCfg = Release|Any CPU
		{052F4CE5-4C9B-4717-99C4-993632499704}.Release|Any CPU.Build.0 = Release|Any CPU
		{11357B6E-6709-4232-8B26-48EBE805D628}.Debug|Any CPU.ActiveCfg = Debug|Any CPU
		{11357B6E-6709-4232-8B26-48EBE805D628}.Debug|Any CPU.Build.0 = Debug|Any CPU
		{11357B6E-6709-4232-8B26-48EBE805D628}.Release|Any CPU.ActiveCfg = Release|Any CPU
		{11357B6E-6709-4232-8B26-48EBE805D628}.Release|Any CPU.Build.0 = Release|Any CPU
		{F630C261-9872-44C0-BE5F-F08065738746}.Debug|Any CPU.ActiveCfg = Debug|Any CPU
		{F630C261-9872-44C0-BE5F-F08065738746}.Debug|Any CPU.Build.0 = Debug|Any CPU
		{F630C261-9872-44C0-BE5F-F08065738746}.Release|Any CPU.ActiveCfg = Release|Any CPU
		{F630C261-9872-44C0-BE5F-F08065738746}.Release|Any CPU.Build.0 = Release|Any CPU
		{1420F100-43AC-4824-B938-0E54419A6224}.Debug|Any CPU.ActiveCfg = Debug|Any CPU
		{1420F100-43AC-4824-B938-0E54419A6224}.Debug|Any CPU.Build.0 = Debug|Any CPU
		{1420F100-43AC-4824-B938-0E54419A6224}.Release|Any CPU.ActiveCfg = Release|Any CPU
		{1420F100-43AC-4824-B938-0E54419A6224}.Release|Any CPU.Build.0 = Release|Any CPU
		{F6996C08-A3FC-4720-A7DE-594821E01BB4}.Debug|Any CPU.ActiveCfg = Debug|Any CPU
		{F6996C08-A3FC-4720-A7DE-594821E01BB4}.Debug|Any CPU.Build.0 = Debug|Any CPU
		{F6996C08-A3FC-4720-A7DE-594821E01BB4}.Release|Any CPU.ActiveCfg = Release|Any CPU
		{F6996C08-A3FC-4720-A7DE-594821E01BB4}.Release|Any CPU.Build.0 = Release|Any CPU
		{DAE953E3-20BA-4626-ADCA-53B6ED93D730}.Debug|Any CPU.ActiveCfg = Debug|Any CPU
		{DAE953E3-20BA-4626-ADCA-53B6ED93D730}.Debug|Any CPU.Build.0 = Debug|Any CPU
		{DAE953E3-20BA-4626-ADCA-53B6ED93D730}.Release|Any CPU.ActiveCfg = Release|Any CPU
		{DAE953E3-20BA-4626-ADCA-53B6ED93D730}.Release|Any CPU.Build.0 = Release|Any CPU
		{31AD85CE-5F39-4EEB-9E45-4DD7DAE6CCE8}.Debug|Any CPU.ActiveCfg = Debug|Any CPU
		{31AD85CE-5F39-4EEB-9E45-4DD7DAE6CCE8}.Debug|Any CPU.Build.0 = Debug|Any CPU
		{31AD85CE-5F39-4EEB-9E45-4DD7DAE6CCE8}.Release|Any CPU.ActiveCfg = Release|Any CPU
		{31AD85CE-5F39-4EEB-9E45-4DD7DAE6CCE8}.Release|Any CPU.Build.0 = Release|Any CPU
		{946D6736-42B7-4FDB-8B63-AB06AE743CB4}.Debug|Any CPU.ActiveCfg = Debug|Any CPU
		{946D6736-42B7-4FDB-8B63-AB06AE743CB4}.Debug|Any CPU.Build.0 = Debug|Any CPU
		{946D6736-42B7-4FDB-8B63-AB06AE743CB4}.Release|Any CPU.ActiveCfg = Release|Any CPU
		{946D6736-42B7-4FDB-8B63-AB06AE743CB4}.Release|Any CPU.Build.0 = Release|Any CPU
		{B1B03374-7C08-43A2-B03A-08EE552838E5}.Debug|Any CPU.ActiveCfg = Debug|Any CPU
		{B1B03374-7C08-43A2-B03A-08EE552838E5}.Debug|Any CPU.Build.0 = Debug|Any CPU
		{B1B03374-7C08-43A2-B03A-08EE552838E5}.Release|Any CPU.ActiveCfg = Release|Any CPU
		{B1B03374-7C08-43A2-B03A-08EE552838E5}.Release|Any CPU.Build.0 = Release|Any CPU
		{87C05BA3-AEB3-4A7C-8BE7-E159EB59D665}.Debug|Any CPU.ActiveCfg = Debug|Any CPU
		{87C05BA3-AEB3-4A7C-8BE7-E159EB59D665}.Debug|Any CPU.Build.0 = Debug|Any CPU
		{87C05BA3-AEB3-4A7C-8BE7-E159EB59D665}.Release|Any CPU.ActiveCfg = Release|Any CPU
		{87C05BA3-AEB3-4A7C-8BE7-E159EB59D665}.Release|Any CPU.Build.0 = Release|Any CPU
		{A4A71DFA-4899-4736-8743-138D0690B5CE}.Debug|Any CPU.ActiveCfg = Debug|Any CPU
		{A4A71DFA-4899-4736-8743-138D0690B5CE}.Debug|Any CPU.Build.0 = Debug|Any CPU
		{A4A71DFA-4899-4736-8743-138D0690B5CE}.Release|Any CPU.ActiveCfg = Release|Any CPU
		{A4A71DFA-4899-4736-8743-138D0690B5CE}.Release|Any CPU.Build.0 = Release|Any CPU
		{F8C47844-A08F-492E-8356-9A1D30DA0F65}.Debug|Any CPU.ActiveCfg = Debug|Any CPU
		{F8C47844-A08F-492E-8356-9A1D30DA0F65}.Debug|Any CPU.Build.0 = Debug|Any CPU
		{F8C47844-A08F-492E-8356-9A1D30DA0F65}.Release|Any CPU.ActiveCfg = Release|Any CPU
		{F8C47844-A08F-492E-8356-9A1D30DA0F65}.Release|Any CPU.Build.0 = Release|Any CPU
		{2949939E-8940-46F7-8CC5-9664171CD731}.Debug|Any CPU.ActiveCfg = Debug|Any CPU
		{2949939E-8940-46F7-8CC5-9664171CD731}.Debug|Any CPU.Build.0 = Debug|Any CPU
		{2949939E-8940-46F7-8CC5-9664171CD731}.Release|Any CPU.ActiveCfg = Release|Any CPU
		{2949939E-8940-46F7-8CC5-9664171CD731}.Release|Any CPU.Build.0 = Release|Any CPU
		{AA94C95F-C79C-4890-A1B3-ECBAF7189A65}.Debug|Any CPU.ActiveCfg = Debug|Any CPU
		{AA94C95F-C79C-4890-A1B3-ECBAF7189A65}.Debug|Any CPU.Build.0 = Debug|Any CPU
		{AA94C95F-C79C-4890-A1B3-ECBAF7189A65}.Release|Any CPU.ActiveCfg = Release|Any CPU
		{AA94C95F-C79C-4890-A1B3-ECBAF7189A65}.Release|Any CPU.Build.0 = Release|Any CPU
		{E633AE1E-23B7-4950-92AF-3027A1CD6F13}.Debug|Any CPU.ActiveCfg = Debug|Any CPU
		{E633AE1E-23B7-4950-92AF-3027A1CD6F13}.Debug|Any CPU.Build.0 = Debug|Any CPU
		{E633AE1E-23B7-4950-92AF-3027A1CD6F13}.Release|Any CPU.ActiveCfg = Release|Any CPU
		{E633AE1E-23B7-4950-92AF-3027A1CD6F13}.Release|Any CPU.Build.0 = Release|Any CPU
	EndGlobalSection
	GlobalSection(SolutionProperties) = preSolution
		HideSolutionNode = FALSE
	EndGlobalSection
	GlobalSection(NestedProjects) = preSolution
		{052F4CE5-4C9B-4717-99C4-993632499704} = {3ED1DD78-C5C2-4652-883D-2D8B741ABB29}
		{11357B6E-6709-4232-8B26-48EBE805D628} = {8169473E-5969-4928-9DF7-2152940EB44F}
		{F630C261-9872-44C0-BE5F-F08065738746} = {FB08484E-9427-4E3E-8005-51FBB4DA99B7}
		{1420F100-43AC-4824-B938-0E54419A6224} = {3ED1DD78-C5C2-4652-883D-2D8B741ABB29}
		{F6996C08-A3FC-4720-A7DE-594821E01BB4} = {3ED1DD78-C5C2-4652-883D-2D8B741ABB29}
		{DAE953E3-20BA-4626-ADCA-53B6ED93D730} = {3E0E49D6-F7D1-4CAC-9364-C7D3666C7F4E}
		{31AD85CE-5F39-4EEB-9E45-4DD7DAE6CCE8} = {3E0E49D6-F7D1-4CAC-9364-C7D3666C7F4E}
		{946D6736-42B7-4FDB-8B63-AB06AE743CB4} = {FB08484E-9427-4E3E-8005-51FBB4DA99B7}
		{B1B03374-7C08-43A2-B03A-08EE552838E5} = {C940091B-6273-46F2-A19A-EEC5675E2E5C}
		{87C05BA3-AEB3-4A7C-8BE7-E159EB59D665} = {33FFCECF-229F-4125-BAAA-19603DE3E9D0}
		{A4A71DFA-4899-4736-8743-138D0690B5CE} = {9E0B9ECA-0AC0-4EE9-B63B-85587AAD853C}
		{F8C47844-A08F-492E-8356-9A1D30DA0F65} = {1D6BA292-019D-42F9-A729-47871FDAAB04}
		{2949939E-8940-46F7-8CC5-9664171CD731} = {EBEE4CEB-5A66-4A48-AD2F-847601577F78}
		{AA94C95F-C79C-4890-A1B3-ECBAF7189A65} = {EBEE4CEB-5A66-4A48-AD2F-847601577F78}
		{E633AE1E-23B7-4950-92AF-3027A1CD6F13} = {4D2008E9-CD36-4190-A904-9F47150946F9}
	EndGlobalSection
	GlobalSection(ExtensibilityGlobals) = postSolution
		SolutionGuid = {BD4CF354-A7E7-49B4-A74E-26F17FAE8FA0}
	EndGlobalSection
EndGlobal
