
Microsoft Visual Studio Solution File, Format Version 12.00
# Visual Studio Version 16
VisualStudioVersion = 16.0.29102.190
MinimumVisualStudioVersion = 10.0.40219.1
Project("{FAE04EC0-301F-11D3-BF4B-00C04F79EFBC}") = "S01.WebApiSwagger", "S01.WebApiSwagger\S01.WebApiSwagger.csproj", "{6135D166-9357-4128-8019-DAC1E7E62887}"
EndProject
Project("{FAE04EC0-301F-11D3-BF4B-00C04F79EFBC}") = "S01.AspNetCoreMvcAreas", "S01.AspNetCoreMvcAreas\S01.AspNetCoreMvcAreas.csproj", "{B95DB4AB-5232-4587-B284-DADEB6927B75}"
EndProject
Project("{FAE04EC0-301F-11D3-BF4B-00C04F79EFBC}") = "S02.WebApiVersionControlQueryString", "S02.WebApiVersionControlQueryString\S02.WebApiVersionControlQueryString.csproj", "{D345EA0A-FF94-40DE-8E6C-0122A7A91C71}"
EndProject
Project("{FAE04EC0-301F-11D3-BF4B-00C04F79EFBC}") = "S02.WebApiVersionControlUrlPathSegment", "S02.WebApiVersionControlUrlPathSegment\S02.WebApiVersionControlUrlPathSegment.csproj", "{CBC6D57A-A89E-4FA8-A90A-6B732E467C72}"
EndProject
Project("{FAE04EC0-301F-11D3-BF4B-00C04F79EFBC}") = "S03.WebApiVersionControlHttpHeader", "S03.WebApiVersionControlHttpHeader\S03.WebApiVersionControlHttpHeader.csproj", "{B5AF6F3E-DB9A-4CFD-B489-986FA5DFAD51}"
EndProject
Global
	GlobalSection(SolutionConfigurationPlatforms) = preSolution
		Debug|Any CPU = Debug|Any CPU
		Release|Any CPU = Release|Any CPU
	EndGlobalSection
	GlobalSection(ProjectConfigurationPlatforms) = postSolution
		{6135D166-9357-4128-8019-DAC1E7E62887}.Debug|Any CPU.ActiveCfg = Debug|Any CPU
		{6135D166-9357-4128-8019-DAC1E7E62887}.Debug|Any CPU.Build.0 = Debug|Any CPU
		{6135D166-9357-4128-8019-DAC1E7E62887}.Release|Any CPU.ActiveCfg = Release|Any CPU
		{6135D166-9357-4128-8019-DAC1E7E62887}.Release|Any CPU.Build.0 = Release|Any CPU
		{B95DB4AB-5232-4587-B284-DADEB6927B75}.Debug|Any CPU.ActiveCfg = Debug|Any CPU
		{B95DB4AB-5232-4587-B284-DADEB6927B75}.Debug|Any CPU.Build.0 = Debug|Any CPU
		{B95DB4AB-5232-4587-B284-DADEB6927B75}.Release|Any CPU.ActiveCfg = Release|Any CPU
		{B95DB4AB-5232-4587-B284-DADEB6927B75}.Release|Any CPU.Build.0 = Release|Any CPU
		{D345EA0A-FF94-40DE-8E6C-0122A7A91C71}.Debug|Any CPU.ActiveCfg = Debug|Any CPU
		{D345EA0A-FF94-40DE-8E6C-0122A7A91C71}.Debug|Any CPU.Build.0 = Debug|Any CPU
		{D345EA0A-FF94-40DE-8E6C-0122A7A91C71}.Release|Any CPU.ActiveCfg = Release|Any CPU
		{D345EA0A-FF94-40DE-8E6C-0122A7A91C71}.Release|Any CPU.Build.0 = Release|Any CPU
		{CBC6D57A-A89E-4FA8-A90A-6B732E467C72}.Debug|Any CPU.ActiveCfg = Debug|Any CPU
		{CBC6D57A-A89E-4FA8-A90A-6B732E467C72}.Debug|Any CPU.Build.0 = Debug|Any CPU
		{CBC6D57A-A89E-4FA8-A90A-6B732E467C72}.Release|Any CPU.ActiveCfg = Release|Any CPU
		{CBC6D57A-A89E-4FA8-A90A-6B732E467C72}.Release|Any CPU.Build.0 = Release|Any CPU
		{B5AF6F3E-DB9A-4CFD-B489-986FA5DFAD51}.Debug|Any CPU.ActiveCfg = Debug|Any CPU
		{B5AF6F3E-DB9A-4CFD-B489-986FA5DFAD51}.Debug|Any CPU.Build.0 = Debug|Any CPU
		{B5AF6F3E-DB9A-4CFD-B489-986FA5DFAD51}.Release|Any CPU.ActiveCfg = Release|Any CPU
		{B5AF6F3E-DB9A-4CFD-B489-986FA5DFAD51}.Release|Any CPU.Build.0 = Release|Any CPU
	EndGlobalSection
	GlobalSection(SolutionProperties) = preSolution
		HideSolutionNode = FALSE
	EndGlobalSection
	GlobalSection(ExtensibilityGlobals) = postSolution
		SolutionGuid = {6AEF758C-FFD6-482C-9C5B-04F42EE024AE}
	EndGlobalSection
EndGlobal
