
Microsoft Visual Studio Solution File, Format Version 12.00
# Visual Studio 15
VisualStudioVersion = 15.0.28307.705
MinimumVisualStudioVersion = 10.0.40219.1
Project("{FAE04EC0-301F-11D3-BF4B-00C04F79EFBC}") = "S01.AspNetCoreIdentityDemo", "S01.AspNetCoreIdentityDemo\S01.AspNetCoreIdentityDemo.csproj", "{1B98D495-7028-4B2C-93ED-36B6D3046E7A}"
EndProject
Global
	GlobalSection(SolutionConfigurationPlatforms) = preSolution
		Debug|Any CPU = Debug|Any CPU
		Release|Any CPU = Release|Any CPU
	EndGlobalSection
	GlobalSection(ProjectConfigurationPlatforms) = postSolution
		{1B98D495-7028-4B2C-93ED-36B6D3046E7A}.Debug|Any CPU.ActiveCfg = Debug|Any CPU
		{1B98D495-7028-4B2C-93ED-36B6D3046E7A}.Debug|Any CPU.Build.0 = Debug|Any CPU
		{1B98D495-7028-4B2C-93ED-36B6D3046E7A}.Release|Any CPU.ActiveCfg = Release|Any CPU
		{1B98D495-7028-4B2C-93ED-36B6D3046E7A}.Release|Any CPU.Build.0 = Release|Any CPU
	EndGlobalSection
	GlobalSection(SolutionProperties) = preSolution
		HideSolutionNode = FALSE
	EndGlobalSection
	GlobalSection(ExtensibilityGlobals) = postSolution
		SolutionGuid = {B0045EC7-0DF0-4F72-A62B-CB0065EBFDB0}
	EndGlobalSection
EndGlobal
