
Microsoft Visual Studio Solution File, Format Version 12.00
# Visual Studio Version 16
VisualStudioVersion = 16.0.29215.179
MinimumVisualStudioVersion = 10.0.40219.1
Project("{FAE04EC0-301F-11D3-BF4B-00C04F79EFBC}") = "S01.AspNetCoreIdentityDemo", "S01.AspNetCoreIdentityDemo\S01.AspNetCoreIdentityDemo.csproj", "{7C463488-D587-4B21-8EE4-B39598233B9C}"
EndProject
Global
	GlobalSection(SolutionConfigurationPlatforms) = preSolution
		Debug|Any CPU = Debug|Any CPU
		Release|Any CPU = Release|Any CPU
	EndGlobalSection
	GlobalSection(ProjectConfigurationPlatforms) = postSolution
		{7C463488-D587-4B21-8EE4-B39598233B9C}.Debug|Any CPU.ActiveCfg = Debug|Any CPU
		{7C463488-D587-4B21-8EE4-B39598233B9C}.Debug|Any CPU.Build.0 = Debug|Any CPU
		{7C463488-D587-4B21-8EE4-B39598233B9C}.Release|Any CPU.ActiveCfg = Release|Any CPU
		{7C463488-D587-4B21-8EE4-B39598233B9C}.Release|Any CPU.Build.0 = Release|Any CPU
	EndGlobalSection
	GlobalSection(SolutionProperties) = preSolution
		HideSolutionNode = FALSE
	EndGlobalSection
	GlobalSection(ExtensibilityGlobals) = postSolution
		SolutionGuid = {A57EE858-9936-4AF7-B2D1-9BAC8D7B4E39}
	EndGlobalSection
EndGlobal
